# THIS IS AN AUTOGENERATED FILE. DO NOT EDIT THIS FILE DIRECTLY.
# yarn lockfile v1


"@material/material-color-utilities@^0.3.0":
  version "0.3.0"
  resolved "https://registry.npmmirror.com/@material/material-color-utilities/-/material-color-utilities-0.3.0.tgz#681b0ecd0820ac012d50d371912227f6b2dc7817"
  integrity sha512-ztmtTd6xwnuh2/xu+Vb01btgV8SQWYCaK56CkRK8gEkWe5TuDyBcYJ0wgkMRn+2VcE9KUmhvkz+N9GHrqw/C0g==

"@types/tinycolor2@^1.4.6":
  version "1.4.6"
  resolved "https://registry.npmmirror.com/@types/tinycolor2/-/tinycolor2-1.4.6.tgz#670cbc0caf4e58dd61d1e3a6f26386e473087f06"
  integrity sha512-iEN8J0BoMnsWBqjVbWH/c0G0Hh7O21lpR2/+PrvAVgWdzL7eexIFm4JN/Wn10PTcmNdtS6U67r499mlWMXOxNw==

tinycolor2@^1.6.0:
  version "1.6.0"
  resolved "https://registry.npmmirror.com/tinycolor2/-/tinycolor2-1.6.0.tgz#f98007460169b0263b97072c5ae92484ce02d09e"
  integrity sha512-XPaBkWQJdsf3pLKJV9p4qN/S+fm2Oj8AIPo1BTUhg5oxkvm9+SVEGFdhyOz7tTdUTfvxMiAs4sp6/eZO2Ew+pw==

typescript@^5.8.3:
  version "5.8.3"
  resolved "https://registry.npmmirror.com/typescript/-/typescript-5.8.3.tgz#92f8a3e5e3cf497356f4178c34cd65a7f5e8440e"
  integrity sha512-p1diW6TqL9L07nNxvRMM7hMMw4c5XOo/1ibL4aAIGmSAt9slTE1Xgw5KWuof2uTOvCg9BY7ZRi+GaF+7sfgPeQ==
